
Microsoft Visual Studio Solution File, Format Version 12.00
# Visual Studio 15
VisualStudioVersion = 15.0.28010.2046
MinimumVisualStudioVersion = 10.0.40219.1
Project("{9A19103F-16F7-4668-BE54-9A1E7A4F7556}") = "scontiDueProdotti", "scontiDueProdotti\scontiDueProdotti.csproj", "{78907EAA-E96E-47D3-AA2D-4D5830B0958E}"
EndProject
Project("{FAE04EC0-301F-11D3-BF4B-00C04F79EFBC}") = "controllo", "controllo\controllo.csproj", "{0F806059-70C9-4C40-ACC2-057F06674D68}"
EndProject
Global
	GlobalSection(SolutionConfigurationPlatforms) = preSolution
		Debug|Any CPU = Debug|Any CPU
		Release|Any CPU = Release|Any CPU
	EndGlobalSection
	GlobalSection(ProjectConfigurationPlatforms) = postSolution
		{78907EAA-E96E-47D3-AA2D-4D5830B0958E}.Debug|Any CPU.ActiveCfg = Debug|Any CPU
		{78907EAA-E96E-47D3-AA2D-4D5830B0958E}.Debug|Any CPU.Build.0 = Debug|Any CPU
		{78907EAA-E96E-47D3-AA2D-4D5830B0958E}.Release|Any CPU.ActiveCfg = Release|Any CPU
		{78907EAA-E96E-47D3-AA2D-4D5830B0958E}.Release|Any CPU.Build.0 = Release|Any CPU
		{0F806059-70C9-4C40-ACC2-057F06674D68}.Debug|Any CPU.ActiveCfg = Debug|Any CPU
		{0F806059-70C9-4C40-ACC2-057F06674D68}.Debug|Any CPU.Build.0 = Debug|Any CPU
		{0F806059-70C9-4C40-ACC2-057F06674D68}.Release|Any CPU.ActiveCfg = Release|Any CPU
		{0F806059-70C9-4C40-ACC2-057F06674D68}.Release|Any CPU.Build.0 = Release|Any CPU
	EndGlobalSection
	GlobalSection(SolutionProperties) = preSolution
		HideSolutionNode = FALSE
	EndGlobalSection
	GlobalSection(ExtensibilityGlobals) = postSolution
		SolutionGuid = {78AB430B-FFB5-4100-BFCC-0BC30E7F9AE1}
	EndGlobalSection
EndGlobal
